{
  "version": 2,
  "dependencies": {
    "net10.0": {
      "Avalonia": {
        "type": "Direct",
        "requested": "[11.3.9, )",
        "resolved": "11.3.9",
        "contentHash": "YfaTrUxcmVTsGOw2YqdZyunHqZArK16m1pYfNIBvyvAgX89Pzd3A1PgoMkf64u7scL23IN6HkfqhZeFcbYWLoA==",
        "dependencies": {
          "Avalonia.BuildServices": "11.3.2",
          "Avalonia.Remote.Protocol": "11.3.9",
          "MicroCom.Runtime": "0.11.0"
        }
      },
      "Avalonia.Desktop": {
        "type": "Direct",
        "requested": "[11.3.9, )",
        "resolved": "11.3.9",
        "contentHash": "zOHbAssjjLz85a2RONK2UMfV/uqMtot9lxcUrSrwa3SneEm8ALeg6Pewc0u/YqvVRI5pyTm4HCtN9w5yRK0uZg==",
        "dependencies": {
          "Avalonia": "11.3.9",
          "Avalonia.Native": "11.3.9",
          "Avalonia.Skia": "11.3.9",
          "Avalonia.Win32": "11.3.9",
          "Avalonia.X11": "11.3.9"
        }
      },
      "Avalonia.Themes.Fluent": {
        "type": "Direct",
        "requested": "[11.3.9, )",
        "resolved": "11.3.9",
        "contentHash": "XSgQxSRKgK/yNhkKa1rGuEUDISi+VNxwoj1pq4JUhFd1XXk/dqGsc4MfESItwTyGEYJH+HDbWfWEPVDDxAfUJg==",
        "dependencies": {
          "Avalonia": "11.3.9"
        }
      },
      "Avalonia.Angle.Windows.Natives": {
        "type": "Transitive",
        "resolved": "2.1.25547.20250602",
        "contentHash": "ZL0VLc4s9rvNNFt19Pxm5UNAkmKNylugAwJPX9ulXZ6JWs/l6XZihPWWTyezaoNOVyEPU8YbURtW7XMAtqXH5A=="
      },
      "Avalonia.BuildServices": {
        "type": "Transitive",
        "resolved": "11.3.2",
        "contentHash": "qHDToxto1e3hci5YqbG9n0Ty8mlp3zBUN5wT66wKqaDVzXyQ0do3EnRILd4Ke9jpvsktaPpgE0YjEk7hornryQ=="
      },
      "Avalonia.FreeDesktop": {
        "type": "Transitive",
        "resolved": "11.3.9",
        "contentHash": "PLFQTyzo9T7PpFgE0vYgWjxOXAKwStUxMDdLZAw3vaczKBheUNj2sINiFo60dYPMbW9f2yAVHfHcnReRsjuLDg==",
        "dependencies": {
          "Avalonia": "11.3.9",
          "Tmds.DBus.Protocol": "0.21.2"
        }
      },
      "Avalonia.Native": {
        "type": "Transitive",
        "resolved": "11.3.9",
        "contentHash": "l8hIlbLOMRVPM0RPX1Er+qnhoGi8TcfTe60f7sxsAbVbvVFC1hdzCya0SyU+F2nWLoFH8AF2/KRPbkM2f4OjXw==",
        "dependencies": {
          "Avalonia": "11.3.9"
        }
      },
      "Avalonia.Remote.Protocol": {
        "type": "Transitive",
        "resolved": "11.3.9",
        "contentHash": "2XVLTSNa+Nvwu4D8NqqdudhllTaCRA9ZKlLZZvYLZeuLlzg7OcAV+df/biHQc6AqOv7iMFR9K5Zt3wG0EF4KfQ=="
      },
      "Avalonia.Skia": {
        "type": "Transitive",
        "resolved": "11.3.9",
        "contentHash": "8Jg1D9RxL377uUz8kiJcgvTfc/jQKF1jvNTkih+lRFmjMA8ZdLt4ZB5E6Yd6lIRH25DbE/4+oHe8pKHey3LfgQ==",
        "dependencies": {
          "Avalonia": "11.3.9",
          "HarfBuzzSharp": "8.3.1.1",
          "HarfBuzzSharp.NativeAssets.Linux": "8.3.1.1",
          "HarfBuzzSharp.NativeAssets.WebAssembly": "8.3.1.1",
          "SkiaSharp": "2.88.9",
          "SkiaSharp.NativeAssets.Linux": "2.88.9",
          "SkiaSharp.NativeAssets.WebAssembly": "2.88.9"
        }
      },
      "Avalonia.Win32": {
        "type": "Transitive",
        "resolved": "11.3.9",
        "contentHash": "gWOlzYCO1278eRwnvlmGd346nUgWu30MetwfMmBZ4flQrjoQNXB5rUrpQxLS1egyvpupkeUSFDuyJSK/qqcX/g==",
        "dependencies": {
          "Avalonia": "11.3.9",
          "Avalonia.Angle.Windows.Natives": "2.1.25547.20250602"
        }
      },
      "Avalonia.X11": {
        "type": "Transitive",
        "resolved": "11.3.9",
        "contentHash": "YurSHKV585ydR7CaifcHroY2ujZJR4LZpDtHW9KOCowMcFhbzXNSI0unxAyF5nMQbzg96Itl4gopDX7LulzuLg==",
        "dependencies": {
          "Avalonia": "11.3.9",
          "Avalonia.FreeDesktop": "11.3.9",
          "Avalonia.Skia": "11.3.9"
        }
      },
      "HarfBuzzSharp": {
        "type": "Transitive",
        "resolved": "8.3.1.1",
        "contentHash": "tLZN66oe/uiRPTZfrCU4i8ScVGwqHNh5MHrXj0yVf4l7Mz0FhTGnQ71RGySROTmdognAs0JtluHkL41pIabWuQ==",
        "dependencies": {
          "HarfBuzzSharp.NativeAssets.Win32": "8.3.1.1",
          "HarfBuzzSharp.NativeAssets.macOS": "8.3.1.1"
        }
      },
      "HarfBuzzSharp.NativeAssets.Linux": {
        "type": "Transitive",
        "resolved": "8.3.1.1",
        "contentHash": "3EZ1mpIiKWRLL5hUYA82ZHteeDIVaEA/Z0rA/wU6tjx6crcAkJnBPwDXZugBSfo8+J3EznvRJf49uMsqYfKrHg=="
      },
      "HarfBuzzSharp.NativeAssets.macOS": {
        "type": "Transitive",
        "resolved": "8.3.1.1",
        "contentHash": "jbtCsgftcaFLCA13tVKo5iWdElJScrulLTKJre36O4YQTIlwDtPPqhRZNk+Y0vv4D1gxbscasGRucUDfS44ofQ=="
      },
      "HarfBuzzSharp.NativeAssets.WebAssembly": {
        "type": "Transitive",
        "resolved": "8.3.1.1",
        "contentHash": "loJweK2u/mH/3C2zBa0ggJlITIszOkK64HLAZB7FUT670dTg965whLFYHDQo69NmC4+d9UN0icLC9VHidXaVCA=="
      },
      "HarfBuzzSharp.NativeAssets.Win32": {
        "type": "Transitive",
        "resolved": "8.3.1.1",
        "contentHash": "UsJtQsfAJoFDZrXc4hCUfRPMqccfKZ0iumJ/upcUjz/cmsTgVFGNEL5yaJWmkqsuFYdMWbj/En5/kS4PFl9hBA=="
      },
      "MicroCom.Runtime": {
        "type": "Transitive",
        "resolved": "0.11.0",
        "contentHash": "MEnrZ3UIiH40hjzMDsxrTyi8dtqB5ziv3iBeeU4bXsL/7NLSal9F1lZKpK+tfBRnUoDSdtcW3KufE4yhATOMCA=="
      },
      "SkiaSharp": {
        "type": "Transitive",
        "resolved": "2.88.9",
        "contentHash": "3MD5VHjXXieSHCleRLuaTXmL2pD0mB7CcOB1x2kA1I4bhptf4e3R27iM93264ZYuAq6mkUyX5XbcxnZvMJYc1Q==",
        "dependencies": {
          "SkiaSharp.NativeAssets.Win32": "2.88.9",
          "SkiaSharp.NativeAssets.macOS": "2.88.9"
        }
      },
      "SkiaSharp.NativeAssets.Linux": {
        "type": "Transitive",
        "resolved": "2.88.9",
        "contentHash": "cWSaJKVPWAaT/WIn9c8T5uT/l4ETwHxNJTkEOtNKjphNo8AW6TF9O32aRkxqw3l8GUdUo66Bu7EiqtFh/XG0Zg==",
        "dependencies": {
          "SkiaSharp": "2.88.9"
        }
      },
      "SkiaSharp.NativeAssets.macOS": {
        "type": "Transitive",
        "resolved": "2.88.9",
        "contentHash": "Nv5spmKc4505Ep7oUoJ5vp3KweFpeNqxpyGDWyeEPTX2uR6S6syXIm3gj75dM0YJz7NPvcix48mR5laqs8dPuA=="
      },
      "SkiaSharp.NativeAssets.WebAssembly": {
        "type": "Transitive",
        "resolved": "2.88.9",
        "contentHash": "kt06RccBHSnAs2wDYdBSfsjIDbY3EpsOVqnlDgKdgvyuRA8ZFDaHRdWNx1VHjGgYzmnFCGiTJBnXFl5BqGwGnA=="
      },
      "SkiaSharp.NativeAssets.Win32": {
        "type": "Transitive",
        "resolved": "2.88.9",
        "contentHash": "wb2kYgU7iy84nQLYZwMeJXixvK++GoIuECjU4ECaUKNuflyRlJKyiRhN1MAHswvlvzuvkrjRWlK0Za6+kYQK7w=="
      },
      "Tmds.DBus.Protocol": {
        "type": "Transitive",
        "resolved": "0.21.2",
        "contentHash": "ScSMrUrrw8px4kK1Glh0fZv/HQUlg1078bNXNPfRPKQ3WbRzV9HpsydYEOgSoMK5LWICMf2bMwIFH0pGjxjcMA=="
      },
      "scanfoldertofile.core": {
        "type": "Project",
        "dependencies": {
          "QuestPDF": "[2024.12.1, )"
        }
      },
      "QuestPDF": {
        "type": "CentralTransitive",
        "requested": "[2024.12.1, )",
        "resolved": "2024.12.1",
        "contentHash": "uQxbQm4Cs05EME373iDq/+6LZD1CZXyueFN7GnCyuEx1iG1Jcy4uU6cnSMtxZMPWEazOZL8hk6SZXUvVHqJgCw=="
      }
    }
  }
}